
Microsoft Visual Studio Solution File, Format Version 12.00
# Visual Studio Version 16
VisualStudioVersion = 16.0.29806.167
MinimumVisualStudioVersion = 10.0.40219.1
Project("{FAE04EC0-301F-11D3-BF4B-00C04F79EFBC}") = "Micro assembly", "Micro assembly\Micro assembly.csproj", "{743B0ED9-8CB5-46E2-8A92-032150D73A6D}"
EndProject
Global
	GlobalSection(SolutionConfigurationPlatforms) = preSolution
		Debug|Any CPU = Debug|Any CPU
		Release|Any CPU = Release|Any CPU
	EndGlobalSection
	GlobalSection(ProjectConfigurationPlatforms) = postSolution
		{743B0ED9-8CB5-46E2-8A92-032150D73A6D}.Debug|Any CPU.ActiveCfg = Debug|Any CPU
		{743B0ED9-8CB5-46E2-8A92-032150D73A6D}.Debug|Any CPU.Build.0 = Debug|Any CPU
		{743B0ED9-8CB5-46E2-8A92-032150D73A6D}.Release|Any CPU.ActiveCfg = Release|Any CPU
		{743B0ED9-8CB5-46E2-8A92-032150D73A6D}.Release|Any CPU.Build.0 = Release|Any CPU
	EndGlobalSection
	GlobalSection(SolutionProperties) = preSolution
		HideSolutionNode = FALSE
	EndGlobalSection
	GlobalSection(ExtensibilityGlobals) = postSolution
		SolutionGuid = {67DF3484-DF44-4AE7-9ACB-2411CE97C454}
	EndGlobalSection
EndGlobal
